{
  "name": "epicalcos-ecommerce",
  "version": "0.1.0",
  "lockfileVersion": 3,
  "requires": true,
  "packages": {
    "": {
      "name": "epicalcos-ecommerce",
      "version": "0.1.0",
      "dependencies": {
        "@netlify/blobs": "^8.1.0",
        "mercadopago": "^3.2.0"
      }
    },
    "node_modules/@netlify/blobs": {
      "version": "8.2.0",
      "resolved": "https://registry.npmjs.org/@netlify/blobs/-/blobs-8.2.0.tgz",
      "integrity": "sha512-9djLZHBKsoKk8XCgwWSEPK9QnT8qqxEQGuYh48gFIcNLvpBKkLnHbDZuyUxmNemCfDz7h0HnMXgSPnnUVgARhg==",
      "license": "MIT",
      "engines": {
        "node": "^14.16.0 || >=16.0.0"
      }
    },
    "node_modules/mercadopago": {
      "version": "3.2.0",
      "resolved": "https://registry.npmjs.org/mercadopago/-/mercadopago-3.2.0.tgz",
      "integrity": "sha512-9keIOj21CpIvpLepeUp+VTUejiD7Dc2eCy2yqW21G4yBtj3Ey2E4AsnFrxRfGchtRc6L7qxA3YNkT4N7IcWj+g==",
      "engines": {
        "node": ">=18"
      }
    }
  }
}
